
Microsoft Visual Studio Solution File, Format Version 12.00
# Visual Studio 14
VisualStudioVersion = 14.0.25420.1
MinimumVisualStudioVersion = 10.0.40219.1
Project("{FAE04EC0-301F-11D3-BF4B-00C04F79EFBC}") = "Sciendo.Love2Playlist.Tests.Unit", "Sciendo.Love2Playlist.Tests.Unit\Sciendo.Love2Playlist.Tests.Unit.csproj", "{4E970F0E-B53E-4E6B-AAD8-51C75FA6D29D}"
EndProject
Project("{FAE04EC0-301F-11D3-BF4B-00C04F79EFBC}") = "Sciendo.Love2Playlist.Processor", "Sciendo.Love2Playlist.Processor\Sciendo.Love2Playlist.Processor.csproj", "{2E813849-0E59-4400-9BDB-FF4A2B898643}"
EndProject
Project("{FAE04EC0-301F-11D3-BF4B-00C04F79EFBC}") = "Sciendo.Love2Playlist", "Sciendo.Love2Playlist\Sciendo.Love2Playlist.csproj", "{B1478827-AA75-44AE-BEA4-455E5DD13BF5}"
EndProject
Global
	GlobalSection(SolutionConfigurationPlatforms) = preSolution
		Debug|Any CPU = Debug|Any CPU
		Release|Any CPU = Release|Any CPU
	EndGlobalSection
	GlobalSection(ProjectConfigurationPlatforms) = postSolution
		{4E970F0E-B53E-4E6B-AAD8-51C75FA6D29D}.Debug|Any CPU.ActiveCfg = Debug|Any CPU
		{4E970F0E-B53E-4E6B-AAD8-51C75FA6D29D}.Debug|Any CPU.Build.0 = Debug|Any CPU
		{4E970F0E-B53E-4E6B-AAD8-51C75FA6D29D}.Release|Any CPU.ActiveCfg = Release|Any CPU
		{4E970F0E-B53E-4E6B-AAD8-51C75FA6D29D}.Release|Any CPU.Build.0 = Release|Any CPU
		{2E813849-0E59-4400-9BDB-FF4A2B898643}.Debug|Any CPU.ActiveCfg = Debug|Any CPU
		{2E813849-0E59-4400-9BDB-FF4A2B898643}.Debug|Any CPU.Build.0 = Debug|Any CPU
		{2E813849-0E59-4400-9BDB-FF4A2B898643}.Release|Any CPU.ActiveCfg = Release|Any CPU
		{2E813849-0E59-4400-9BDB-FF4A2B898643}.Release|Any CPU.Build.0 = Release|Any CPU
		{B1478827-AA75-44AE-BEA4-455E5DD13BF5}.Debug|Any CPU.ActiveCfg = Debug|Any CPU
		{B1478827-AA75-44AE-BEA4-455E5DD13BF5}.Debug|Any CPU.Build.0 = Debug|Any CPU
		{B1478827-AA75-44AE-BEA4-455E5DD13BF5}.Release|Any CPU.ActiveCfg = Release|Any CPU
		{B1478827-AA75-44AE-BEA4-455E5DD13BF5}.Release|Any CPU.Build.0 = Release|Any CPU
	EndGlobalSection
	GlobalSection(SolutionProperties) = preSolution
		HideSolutionNode = FALSE
	EndGlobalSection
EndGlobal
